
Microsoft Visual Studio Solution File, Format Version 12.00
# Visual Studio Version 16
VisualStudioVersion = 16.0.31410.357
MinimumVisualStudioVersion = 10.0.40219.1
Project("{FAE04EC0-301F-11D3-BF4B-00C04F79EFBC}") = "HelloWorld2", "HelloWorld2\HelloWorld2.csproj", "{326848C1-CA58-4D5C-BF6D-286D1DF5FE06}"
EndProject
Global
	GlobalSection(SolutionConfigurationPlatforms) = preSolution
		Debug|Any CPU = Debug|Any CPU
		Release|Any CPU = Release|Any CPU
	EndGlobalSection
	GlobalSection(ProjectConfigurationPlatforms) = postSolution
		{326848C1-CA58-4D5C-BF6D-286D1DF5FE06}.Debug|Any CPU.ActiveCfg = Debug|Any CPU
		{326848C1-CA58-4D5C-BF6D-286D1DF5FE06}.Debug|Any CPU.Build.0 = Debug|Any CPU
		{326848C1-CA58-4D5C-BF6D-286D1DF5FE06}.Release|Any CPU.ActiveCfg = Release|Any CPU
		{326848C1-CA58-4D5C-BF6D-286D1DF5FE06}.Release|Any CPU.Build.0 = Release|Any CPU
	EndGlobalSection
	GlobalSection(SolutionProperties) = preSolution
		HideSolutionNode = FALSE
	EndGlobalSection
	GlobalSection(ExtensibilityGlobals) = postSolution
		SolutionGuid = {F6C17018-26A9-4D03-9B7F-555C832F4DED}
	EndGlobalSection
EndGlobal
