
Microsoft Visual Studio Solution File, Format Version 12.00
# Visual Studio Version 17
VisualStudioVersion = 17.3.32728.150
MinimumVisualStudioVersion = 10.0.40219.1
Project("{FAE04EC0-301F-11D3-BF4B-00C04F79EFBC}") = "OperatorsExpressionsStatements", "Operators Expressions Statements\OperatorsExpressionsStatements.csproj", "{14AFA612-788A-4852-8671-6794EC51E65F}"
EndProject
Global
	GlobalSection(SolutionConfigurationPlatforms) = preSolution
		Debug|Any CPU = Debug|Any CPU
		Release|Any CPU = Release|Any CPU
	EndGlobalSection
	GlobalSection(ProjectConfigurationPlatforms) = postSolution
		{14AFA612-788A-4852-8671-6794EC51E65F}.Debug|Any CPU.ActiveCfg = Debug|Any CPU
		{14AFA612-788A-4852-8671-6794EC51E65F}.Debug|Any CPU.Build.0 = Debug|Any CPU
		{14AFA612-788A-4852-8671-6794EC51E65F}.Release|Any CPU.ActiveCfg = Release|Any CPU
		{14AFA612-788A-4852-8671-6794EC51E65F}.Release|Any CPU.Build.0 = Release|Any CPU
	EndGlobalSection
	GlobalSection(SolutionProperties) = preSolution
		HideSolutionNode = FALSE
	EndGlobalSection
	GlobalSection(ExtensibilityGlobals) = postSolution
		SolutionGuid = {1EE861C5-D803-408D-8680-8092E2B20628}
	EndGlobalSection
EndGlobal
