
Microsoft Visual Studio Solution File, Format Version 12.00
# Visual Studio Version 17
VisualStudioVersion = 17.3.32728.150
MinimumVisualStudioVersion = 10.0.40219.1
Project("{FAE04EC0-301F-11D3-BF4B-00C04F79EFBC}") = "ForIteration", "ForIteration\ForIteration.csproj", "{55942B05-CAC2-4AA9-BEFF-F05736B10B6C}"
EndProject
Global
	GlobalSection(SolutionConfigurationPlatforms) = preSolution
		Debug|Any CPU = Debug|Any CPU
		Release|Any CPU = Release|Any CPU
	EndGlobalSection
	GlobalSection(ProjectConfigurationPlatforms) = postSolution
		{55942B05-CAC2-4AA9-BEFF-F05736B10B6C}.Debug|Any CPU.ActiveCfg = Debug|Any CPU
		{55942B05-CAC2-4AA9-BEFF-F05736B10B6C}.Debug|Any CPU.Build.0 = Debug|Any CPU
		{55942B05-CAC2-4AA9-BEFF-F05736B10B6C}.Release|Any CPU.ActiveCfg = Release|Any CPU
		{55942B05-CAC2-4AA9-BEFF-F05736B10B6C}.Release|Any CPU.Build.0 = Release|Any CPU
	EndGlobalSection
	GlobalSection(SolutionProperties) = preSolution
		HideSolutionNode = FALSE
	EndGlobalSection
	GlobalSection(ExtensibilityGlobals) = postSolution
		SolutionGuid = {619E8D69-CD47-43CA-8137-55C146FDAD94}
	EndGlobalSection
EndGlobal
